
Microsoft Visual Studio Solution File, Format Version 12.00
# Visual Studio Version 17
VisualStudioVersion = 17.9.34728.123
MinimumVisualStudioVersion = 10.0.40219.1
Project("{FAE04EC0-301F-11D3-BF4B-00C04F79EFBC}") = "COMPLETE OOP CODE", "COMPLETE OOP CODE.csproj", "{70E7A0AA-644D-484F-BE1F-DD8DD28BD2EA}"
EndProject
Global
	GlobalSection(SolutionConfigurationPlatforms) = preSolution
		Debug|Any CPU = Debug|Any CPU
		Release|Any CPU = Release|Any CPU
	EndGlobalSection
	GlobalSection(ProjectConfigurationPlatforms) = postSolution
		{70E7A0AA-644D-484F-BE1F-DD8DD28BD2EA}.Debug|Any CPU.ActiveCfg = Debug|Any CPU
		{70E7A0AA-644D-484F-BE1F-DD8DD28BD2EA}.Debug|Any CPU.Build.0 = Debug|Any CPU
		{70E7A0AA-644D-484F-BE1F-DD8DD28BD2EA}.Release|Any CPU.ActiveCfg = Release|Any CPU
		{70E7A0AA-644D-484F-BE1F-DD8DD28BD2EA}.Release|Any CPU.Build.0 = Release|Any CPU
	EndGlobalSection
	GlobalSection(SolutionProperties) = preSolution
		HideSolutionNode = FALSE
	EndGlobalSection
	GlobalSection(ExtensibilityGlobals) = postSolution
		SolutionGuid = {4089E70F-220F-4D37-BF9E-C59465C7474A}
	EndGlobalSection
EndGlobal
